
Microsoft Visual Studio Solution File, Format Version 12.00
# Visual Studio Version 17
VisualStudioVersion = 17.3.32929.385
MinimumVisualStudioVersion = 10.0.40219.1
Project("{2150E333-8FDC-42A3-9474-1A3956D46DE8}") = "src", "src", "{C9279271-B30B-4ED2-AFB0-1802CB8769FB}"
EndProject
Project("{2150E333-8FDC-42A3-9474-1A3956D46DE8}") = "tests", "tests", "{9544A8C0-0B94-46C9-9765-E98FEDFEAEF8}"
EndProject
Project("{2150E333-8FDC-42A3-9474-1A3956D46DE8}") = "doc", "doc", "{CA44B088-685B-4AC5-AF04-FDB5C4879AD0}"
EndProject
Project("{2150E333-8FDC-42A3-9474-1A3956D46DE8}") = "sulution Items", "sulution Items", "{065D215A-CFC4-4DB5-A67B-DC61E04662F7}"
EndProject
Project("{2150E333-8FDC-42A3-9474-1A3956D46DE8}") = "Core", "Core", "{BE7F73A7-F73A-48A7-BEC5-4A388DA7A428}"
EndProject
Project("{9A19103F-16F7-4668-BE54-9A1E7A4F7556}") = "Domain", "Domain\Domain.csproj", "{7F929E30-2EFF-4705-A5F1-EEB8E1B07972}"
EndProject
Project("{9A19103F-16F7-4668-BE54-9A1E7A4F7556}") = "Application", "Application\Application.csproj", "{9AD27C62-BA25-4263-8D80-75D9AF25B909}"
EndProject
Project("{2150E333-8FDC-42A3-9474-1A3956D46DE8}") = "Presentaion", "Presentaion", "{DFEC200C-E64C-4DF8-9C6D-FAFA1F787363}"
EndProject
Project("{2150E333-8FDC-42A3-9474-1A3956D46DE8}") = "Infrastructures", "Infrastructures", "{4A62DE55-EC36-4190-89DC-7B218F6BEDFD}"
EndProject
Project("{9A19103F-16F7-4668-BE54-9A1E7A4F7556}") = "Infrastructure", "Infrastructure\Infrastructure.csproj", "{FD4AAF76-5F49-4FEB-97C1-F4C4B6AF6413}"
EndProject
Project("{9A19103F-16F7-4668-BE54-9A1E7A4F7556}") = "Persistence", "Persistence\Persistence.csproj", "{B07D4D21-A352-45D3-ACC2-F38B92A0DA8E}"
EndProject
Project("{9A19103F-16F7-4668-BE54-9A1E7A4F7556}") = "WebSite.Endpoint", "WebSite.Endpoint\WebSite.Endpoint.csproj", "{D4BC88D6-9D77-411E-8F74-1A08D1E69281}"
EndProject
Project("{9A19103F-16F7-4668-BE54-9A1E7A4F7556}") = "Admin.Endpoint", "Admin.Endpoint\Admin.Endpoint.csproj", "{08DC169B-212C-4574-BEB2-865D4B9FB3AD}"
EndProject
Project("{2150E333-8FDC-42A3-9474-1A3956D46DE8}") = "Commons", "Commons", "{2C12CF47-705C-4A57-AE6D-0B39CF081298}"
EndProject
Project("{9A19103F-16F7-4668-BE54-9A1E7A4F7556}") = "Common", "Commonn\Common.csproj", "{8A66B414-4A73-4F6C-8B3C-359D250DDC16}"
EndProject
Project("{9A19103F-16F7-4668-BE54-9A1E7A4F7556}") = "StaticksFile.EndPoint", "StaticksFile.EndPoint\StaticksFile.EndPoint.csproj", "{CA1AF19C-0B74-47DF-A48E-F0892A0B0BC7}"
EndProject
Project("{9A19103F-16F7-4668-BE54-9A1E7A4F7556}") = "UnitTest", "UnitTest\UnitTest.csproj", "{B3A56D40-519B-47A2-9DCE-35F8FDDEE1CC}"
EndProject
Project("{9A19103F-16F7-4668-BE54-9A1E7A4F7556}") = "API.EndPoint", "API.EndPoint\API.EndPoint.csproj", "{8EA5D0F8-38B3-49EF-9CD5-C9BEF1C245B6}"
EndProject
Global
	GlobalSection(SolutionConfigurationPlatforms) = preSolution
		Debug|Any CPU = Debug|Any CPU
		Release|Any CPU = Release|Any CPU
	EndGlobalSection
	GlobalSection(ProjectConfigurationPlatforms) = postSolution
		{7F929E30-2EFF-4705-A5F1-EEB8E1B07972}.Debug|Any CPU.ActiveCfg = Debug|Any CPU
		{7F929E30-2EFF-4705-A5F1-EEB8E1B07972}.Debug|Any CPU.Build.0 = Debug|Any CPU
		{7F929E30-2EFF-4705-A5F1-EEB8E1B07972}.Release|Any CPU.ActiveCfg = Release|Any CPU
		{7F929E30-2EFF-4705-A5F1-EEB8E1B07972}.Release|Any CPU.Build.0 = Release|Any CPU
		{9AD27C62-BA25-4263-8D80-75D9AF25B909}.Debug|Any CPU.ActiveCfg = Debug|Any CPU
		{9AD27C62-BA25-4263-8D80-75D9AF25B909}.Debug|Any CPU.Build.0 = Debug|Any CPU
		{9AD27C62-BA25-4263-8D80-75D9AF25B909}.Release|Any CPU.ActiveCfg = Release|Any CPU
		{9AD27C62-BA25-4263-8D80-75D9AF25B909}.Release|Any CPU.Build.0 = Release|Any CPU
		{FD4AAF76-5F49-4FEB-97C1-F4C4B6AF6413}.Debug|Any CPU.ActiveCfg = Debug|Any CPU
		{FD4AAF76-5F49-4FEB-97C1-F4C4B6AF6413}.Debug|Any CPU.Build.0 = Debug|Any CPU
		{FD4AAF76-5F49-4FEB-97C1-F4C4B6AF6413}.Release|Any CPU.ActiveCfg = Release|Any CPU
		{FD4AAF76-5F49-4FEB-97C1-F4C4B6AF6413}.Release|Any CPU.Build.0 = Release|Any CPU
		{B07D4D21-A352-45D3-ACC2-F38B92A0DA8E}.Debug|Any CPU.ActiveCfg = Debug|Any CPU
		{B07D4D21-A352-45D3-ACC2-F38B92A0DA8E}.Debug|Any CPU.Build.0 = Debug|Any CPU
		{B07D4D21-A352-45D3-ACC2-F38B92A0DA8E}.Release|Any CPU.ActiveCfg = Release|Any CPU
		{B07D4D21-A352-45D3-ACC2-F38B92A0DA8E}.Release|Any CPU.Build.0 = Release|Any CPU
		{D4BC88D6-9D77-411E-8F74-1A08D1E69281}.Debug|Any CPU.ActiveCfg = Debug|Any CPU
		{D4BC88D6-9D77-411E-8F74-1A08D1E69281}.Debug|Any CPU.Build.0 = Debug|Any CPU
		{D4BC88D6-9D77-411E-8F74-1A08D1E69281}.Release|Any CPU.ActiveCfg = Release|Any CPU
		{D4BC88D6-9D77-411E-8F74-1A08D1E69281}.Release|Any CPU.Build.0 = Release|Any CPU
		{08DC169B-212C-4574-BEB2-865D4B9FB3AD}.Debug|Any CPU.ActiveCfg = Debug|Any CPU
		{08DC169B-212C-4574-BEB2-865D4B9FB3AD}.Debug|Any CPU.Build.0 = Debug|Any CPU
		{08DC169B-212C-4574-BEB2-865D4B9FB3AD}.Release|Any CPU.ActiveCfg = Release|Any CPU
		{08DC169B-212C-4574-BEB2-865D4B9FB3AD}.Release|Any CPU.Build.0 = Release|Any CPU
		{8A66B414-4A73-4F6C-8B3C-359D250DDC16}.Debug|Any CPU.ActiveCfg = Debug|Any CPU
		{8A66B414-4A73-4F6C-8B3C-359D250DDC16}.Debug|Any CPU.Build.0 = Debug|Any CPU
		{8A66B414-4A73-4F6C-8B3C-359D250DDC16}.Release|Any CPU.ActiveCfg = Release|Any CPU
		{8A66B414-4A73-4F6C-8B3C-359D250DDC16}.Release|Any CPU.Build.0 = Release|Any CPU
		{CA1AF19C-0B74-47DF-A48E-F0892A0B0BC7}.Debug|Any CPU.ActiveCfg = Debug|Any CPU
		{CA1AF19C-0B74-47DF-A48E-F0892A0B0BC7}.Debug|Any CPU.Build.0 = Debug|Any CPU
		{CA1AF19C-0B74-47DF-A48E-F0892A0B0BC7}.Release|Any CPU.ActiveCfg = Release|Any CPU
		{CA1AF19C-0B74-47DF-A48E-F0892A0B0BC7}.Release|Any CPU.Build.0 = Release|Any CPU
		{B3A56D40-519B-47A2-9DCE-35F8FDDEE1CC}.Debug|Any CPU.ActiveCfg = Debug|Any CPU
		{B3A56D40-519B-47A2-9DCE-35F8FDDEE1CC}.Debug|Any CPU.Build.0 = Debug|Any CPU
		{B3A56D40-519B-47A2-9DCE-35F8FDDEE1CC}.Release|Any CPU.ActiveCfg = Release|Any CPU
		{B3A56D40-519B-47A2-9DCE-35F8FDDEE1CC}.Release|Any CPU.Build.0 = Release|Any CPU
		{8EA5D0F8-38B3-49EF-9CD5-C9BEF1C245B6}.Debug|Any CPU.ActiveCfg = Debug|Any CPU
		{8EA5D0F8-38B3-49EF-9CD5-C9BEF1C245B6}.Debug|Any CPU.Build.0 = Debug|Any CPU
		{8EA5D0F8-38B3-49EF-9CD5-C9BEF1C245B6}.Release|Any CPU.ActiveCfg = Release|Any CPU
		{8EA5D0F8-38B3-49EF-9CD5-C9BEF1C245B6}.Release|Any CPU.Build.0 = Release|Any CPU
	EndGlobalSection
	GlobalSection(SolutionProperties) = preSolution
		HideSolutionNode = FALSE
	EndGlobalSection
	GlobalSection(NestedProjects) = preSolution
		{BE7F73A7-F73A-48A7-BEC5-4A388DA7A428} = {C9279271-B30B-4ED2-AFB0-1802CB8769FB}
		{7F929E30-2EFF-4705-A5F1-EEB8E1B07972} = {BE7F73A7-F73A-48A7-BEC5-4A388DA7A428}
		{9AD27C62-BA25-4263-8D80-75D9AF25B909} = {BE7F73A7-F73A-48A7-BEC5-4A388DA7A428}
		{DFEC200C-E64C-4DF8-9C6D-FAFA1F787363} = {C9279271-B30B-4ED2-AFB0-1802CB8769FB}
		{4A62DE55-EC36-4190-89DC-7B218F6BEDFD} = {C9279271-B30B-4ED2-AFB0-1802CB8769FB}
		{FD4AAF76-5F49-4FEB-97C1-F4C4B6AF6413} = {4A62DE55-EC36-4190-89DC-7B218F6BEDFD}
		{B07D4D21-A352-45D3-ACC2-F38B92A0DA8E} = {4A62DE55-EC36-4190-89DC-7B218F6BEDFD}
		{D4BC88D6-9D77-411E-8F74-1A08D1E69281} = {DFEC200C-E64C-4DF8-9C6D-FAFA1F787363}
		{08DC169B-212C-4574-BEB2-865D4B9FB3AD} = {DFEC200C-E64C-4DF8-9C6D-FAFA1F787363}
		{2C12CF47-705C-4A57-AE6D-0B39CF081298} = {C9279271-B30B-4ED2-AFB0-1802CB8769FB}
		{8A66B414-4A73-4F6C-8B3C-359D250DDC16} = {2C12CF47-705C-4A57-AE6D-0B39CF081298}
		{CA1AF19C-0B74-47DF-A48E-F0892A0B0BC7} = {DFEC200C-E64C-4DF8-9C6D-FAFA1F787363}
		{B3A56D40-519B-47A2-9DCE-35F8FDDEE1CC} = {9544A8C0-0B94-46C9-9765-E98FEDFEAEF8}
		{8EA5D0F8-38B3-49EF-9CD5-C9BEF1C245B6} = {DFEC200C-E64C-4DF8-9C6D-FAFA1F787363}
	EndGlobalSection
	GlobalSection(ExtensibilityGlobals) = postSolution
		SolutionGuid = {9045B46E-45AE-4BBE-8DF3-4152DF994919}
	EndGlobalSection
EndGlobal
